// !$*UTF8*$!
{
	archiveVersion = 1;
	classes = {
	};
	objectVersion = 50;
	objects = {

/* Begin PBXBuildFile section */
		B804815125AD9CE300EB21B8 /* MusicFeed.swift in Sources */ = {isa = PBXBuildFile; fileRef = B804815025AD9CE300EB21B8 /* MusicFeed.swift */; };
		B83AB01D25ADA76100A5215C /* AllMusicsViewController.swift in Sources */ = {isa = PBXBuildFile; fileRef = B83AB01C25ADA76100A5215C /* AllMusicsViewController.swift */; };
		B83AB02125ADAE0F00A5215C /* MusicViewCell.swift in Sources */ = {isa = PBXBuildFile; fileRef = B83AB01F25ADAE0F00A5215C /* MusicViewCell.swift */; };
		B83AB02225ADAE0F00A5215C /* MusicViewCell.xib in Resources */ = {isa = PBXBuildFile; fileRef = B83AB02025ADAE0F00A5215C /* MusicViewCell.xib */; };
		B83AB02825ADB5FC00A5215C /* MusicDetailViewController.swift in Sources */ = {isa = PBXBuildFile; fileRef = B83AB02725ADB5FC00A5215C /* MusicDetailViewController.swift */; };
		B83AB02B25ADBA2900A5215C /* RoundedImageView.swift in Sources */ = {isa = PBXBuildFile; fileRef = B83AB02A25ADBA2900A5215C /* RoundedImageView.swift */; };
		B83AB02E25AECEE700A5215C /* HomeViewController.swift in Sources */ = {isa = PBXBuildFile; fileRef = B83AB02D25AECEE700A5215C /* HomeViewController.swift */; };
		B85DB0FA25AD894500D8AA28 /* AppDelegate.swift in Sources */ = {isa = PBXBuildFile; fileRef = B85DB0F925AD894500D8AA28 /* AppDelegate.swift */; };
		B85DB0FC25AD894500D8AA28 /* SceneDelegate.swift in Sources */ = {isa = PBXBuildFile; fileRef = B85DB0FB25AD894500D8AA28 /* SceneDelegate.swift */; };
		B85DB10125AD894500D8AA28 /* Main.storyboard in Resources */ = {isa = PBXBuildFile; fileRef = B85DB0FF25AD894500D8AA28 /* Main.storyboard */; };
		B85DB10325AD894800D8AA28 /* Assets.xcassets in Resources */ = {isa = PBXBuildFile; fileRef = B85DB10225AD894800D8AA28 /* Assets.xcassets */; };
		B85DB10625AD894800D8AA28 /* LaunchScreen.storyboard in Resources */ = {isa = PBXBuildFile; fileRef = B85DB10425AD894800D8AA28 /* LaunchScreen.storyboard */; };
		B85DB11425AD89FB00D8AA28 /* MusicWebService.swift in Sources */ = {isa = PBXBuildFile; fileRef = B85DB11325AD89FB00D8AA28 /* MusicWebService.swift */; };
		B85DB11925AD931400D8AA28 /* Genre.swift in Sources */ = {isa = PBXBuildFile; fileRef = B85DB11825AD931400D8AA28 /* Genre.swift */; };
		B85DB11D25AD933F00D8AA28 /* Music.swift in Sources */ = {isa = PBXBuildFile; fileRef = B85DB11C25AD933F00D8AA28 /* Music.swift */; };
		B85DB12025AD93EC00D8AA28 /* MusicResponse.swift in Sources */ = {isa = PBXBuildFile; fileRef = B85DB11F25AD93EC00D8AA28 /* MusicResponse.swift */; };
		B85DB12425AD94D500D8AA28 /* MusicError.swift in Sources */ = {isa = PBXBuildFile; fileRef = B85DB12325AD94D500D8AA28 /* MusicError.swift */; };
		B85DB12725AD951900D8AA28 /* Constants.swift in Sources */ = {isa = PBXBuildFile; fileRef = B85DB12625AD951900D8AA28 /* Constants.swift */; };
/* End PBXBuildFile section */

/* Begin PBXFileReference section */
		B804815025AD9CE300EB21B8 /* MusicFeed.swift */ = {isa = PBXFileReference; lastKnownFileType = sourcecode.swift; path = MusicFeed.swift; sourceTree = "<group>"; };
		B83AB01C25ADA76100A5215C /* AllMusicsViewController.swift */ = {isa = PBXFileReference; lastKnownFileType = sourcecode.swift; path = AllMusicsViewController.swift; sourceTree = "<group>"; };
		B83AB01F25ADAE0F00A5215C /* MusicViewCell.swift */ = {isa = PBXFileReference; lastKnownFileType = sourcecode.swift; path = MusicViewCell.swift; sourceTree = "<group>"; };
		B83AB02025ADAE0F00A5215C /* MusicViewCell.xib */ = {isa = PBXFileReference; lastKnownFileType = file.xib; path = MusicViewCell.xib; sourceTree = "<group>"; };
		B83AB02725ADB5FC00A5215C /* MusicDetailViewController.swift */ = {isa = PBXFileReference; lastKnownFileType = sourcecode.swift; path = MusicDetailViewController.swift; sourceTree = "<group>"; };
		B83AB02A25ADBA2900A5215C /* RoundedImageView.swift */ = {isa = PBXFileReference; lastKnownFileType = sourcecode.swift; path = RoundedImageView.swift; sourceTree = "<group>"; };
		B83AB02D25AECEE700A5215C /* HomeViewController.swift */ = {isa = PBXFileReference; lastKnownFileType = sourcecode.swift; path = HomeViewController.swift; sourceTree = "<group>"; };
		B85DB0F625AD894500D8AA28 /* TopMusicFinder.app */ = {isa = PBXFileReference; explicitFileType = wrapper.application; includeInIndex = 0; path = TopMusicFinder.app; sourceTree = BUILT_PRODUCTS_DIR; };
		B85DB0F925AD894500D8AA28 /* AppDelegate.swift */ = {isa = PBXFileReference; lastKnownFileType = sourcecode.swift; path = AppDelegate.swift; sourceTree = "<group>"; };
		B85DB0FB25AD894500D8AA28 /* SceneDelegate.swift */ = {isa = PBXFileReference; lastKnownFileType = sourcecode.swift; path = SceneDelegate.swift; sourceTree = "<group>"; };
		B85DB10025AD894500D8AA28 /* Base */ = {isa = PBXFileReference; lastKnownFileType = file.storyboard; name = Base; path = Base.lproj/Main.storyboard; sourceTree = "<group>"; };
		B85DB10225AD894800D8AA28 /* Assets.xcassets */ = {isa = PBXFileReference; lastKnownFileType = folder.assetcatalog; path = Assets.xcassets; sourceTree = "<group>"; };
		B85DB10525AD894800D8AA28 /* Base */ = {isa = PBXFileReference; lastKnownFileType = file.storyboard; name = Base; path = Base.lproj/LaunchScreen.storyboard; sourceTree = "<group>"; };
		B85DB10725AD894800D8AA28 /* Info.plist */ = {isa = PBXFileReference; lastKnownFileType = text.plist.xml; path = Info.plist; sourceTree = "<group>"; };
		B85DB11325AD89FB00D8AA28 /* MusicWebService.swift */ = {isa = PBXFileReference; lastKnownFileType = sourcecode.swift; path = MusicWebService.swift; sourceTree = "<group>"; };
		B85DB11825AD931400D8AA28 /* Genre.swift */ = {isa = PBXFileReference; lastKnownFileType = sourcecode.swift; path = Genre.swift; sourceTree = "<group>"; };
		B85DB11C25AD933F00D8AA28 /* Music.swift */ = {isa = PBXFileReference; lastKnownFileType = sourcecode.swift; path = Music.swift; sourceTree = "<group>"; };
		B85DB11F25AD93EC00D8AA28 /* MusicResponse.swift */ = {isa = PBXFileReference; lastKnownFileType = sourcecode.swift; path = MusicResponse.swift; sourceTree = "<group>"; };
		B85DB12325AD94D500D8AA28 /* MusicError.swift */ = {isa = PBXFileReference; lastKnownFileType = sourcecode.swift; path = MusicError.swift; sourceTree = "<group>"; };
		B85DB12625AD951900D8AA28 /* Constants.swift */ = {isa = PBXFileReference; lastKnownFileType = sourcecode.swift; path = Constants.swift; sourceTree = "<group>"; };
/* End PBXFileReference section */

/* Begin PBXFrameworksBuildPhase section */
		B85DB0F325AD894500D8AA28 /* Frameworks */ = {
			isa = PBXFrameworksBuildPhase;
			buildActionMask = 2147483647;
			files = (
			);
			runOnlyForDeploymentPostprocessing = 0;
		};
/* End PBXFrameworksBuildPhase section */

/* Begin PBXGroup section */
		B85DB0ED25AD894500D8AA28 = {
			isa = PBXGroup;
			children = (
				B85DB0F825AD894500D8AA28 /* TopMusicFinder */,
				B85DB0F725AD894500D8AA28 /* Products */,
			);
			sourceTree = "<group>";
		};
		B85DB0F725AD894500D8AA28 /* Products */ = {
			isa = PBXGroup;
			children = (
				B85DB0F625AD894500D8AA28 /* TopMusicFinder.app */,
			);
			name = Products;
			sourceTree = "<group>";
		};
		B85DB0F825AD894500D8AA28 /* TopMusicFinder */ = {
			isa = PBXGroup;
			children = (
				B85DB12225AD94B800D8AA28 /* Enums */,
				B85DB11725AD92EF00D8AA28 /* Models */,
				B85DB11225AD89AA00D8AA28 /* Cells */,
				B85DB11125AD89A500D8AA28 /* Views */,
				B85DB11025AD898700D8AA28 /* ViewControllers */,
				B85DB10F25AD896C00D8AA28 /* WebServices */,
				B85DB10E25AD895F00D8AA28 /* Storyboards */,
				B85DB0F925AD894500D8AA28 /* AppDelegate.swift */,
				B85DB0FB25AD894500D8AA28 /* SceneDelegate.swift */,
				B85DB10225AD894800D8AA28 /* Assets.xcassets */,
				B85DB10425AD894800D8AA28 /* LaunchScreen.storyboard */,
				B85DB10725AD894800D8AA28 /* Info.plist */,
				B85DB12625AD951900D8AA28 /* Constants.swift */,
			);
			path = TopMusicFinder;
			sourceTree = "<group>";
		};
		B85DB10E25AD895F00D8AA28 /* Storyboards */ = {
			isa = PBXGroup;
			children = (
				B85DB0FF25AD894500D8AA28 /* Main.storyboard */,
			);
			path = Storyboards;
			sourceTree = "<group>";
		};
		B85DB10F25AD896C00D8AA28 /* WebServices */ = {
			isa = PBXGroup;
			children = (
				B85DB11325AD89FB00D8AA28 /* MusicWebService.swift */,
			);
			path = WebServices;
			sourceTree = "<group>";
		};
		B85DB11025AD898700D8AA28 /* ViewControllers */ = {
			isa = PBXGroup;
			children = (
				B83AB01C25ADA76100A5215C /* AllMusicsViewController.swift */,
				B83AB02725ADB5FC00A5215C /* MusicDetailViewController.swift */,
				B83AB02D25AECEE700A5215C /* HomeViewController.swift */,
			);
			path = ViewControllers;
			sourceTree = "<group>";
		};
		B85DB11125AD89A500D8AA28 /* Views */ = {
			isa = PBXGroup;
			children = (
				B83AB02A25ADBA2900A5215C /* RoundedImageView.swift */,
			);
			path = Views;
			sourceTree = "<group>";
		};
		B85DB11225AD89AA00D8AA28 /* Cells */ = {
			isa = PBXGroup;
			children = (
				B83AB01F25ADAE0F00A5215C /* MusicViewCell.swift */,
				B83AB02025ADAE0F00A5215C /* MusicViewCell.xib */,
			);
			path = Cells;
			sourceTree = "<group>";
		};
		B85DB11725AD92EF00D8AA28 /* Models */ = {
			isa = PBXGroup;
			children = (
				B85DB11825AD931400D8AA28 /* Genre.swift */,
				B85DB11C25AD933F00D8AA28 /* Music.swift */,
				B85DB11F25AD93EC00D8AA28 /* MusicResponse.swift */,
				B804815025AD9CE300EB21B8 /* MusicFeed.swift */,
			);
			path = Models;
			sourceTree = "<group>";
		};
		B85DB12225AD94B800D8AA28 /* Enums */ = {
			isa = PBXGroup;
			children = (
				B85DB12325AD94D500D8AA28 /* MusicError.swift */,
			);
			path = Enums;
			sourceTree = "<group>";
		};
/* End PBXGroup section */

/* Begin PBXNativeTarget section */
		B85DB0F525AD894500D8AA28 /* TopMusicFinder */ = {
			isa = PBXNativeTarget;
			buildConfigurationList = B85DB10A25AD894800D8AA28 /* Build configuration list for PBXNativeTarget "TopMusicFinder" */;
			buildPhases = (
				B85DB0F225AD894500D8AA28 /* Sources */,
				B85DB0F325AD894500D8AA28 /* Frameworks */,
				B85DB0F425AD894500D8AA28 /* Resources */,
			);
			buildRules = (
			);
			dependencies = (
			);
			name = TopMusicFinder;
			productName = TopMusicFinder;
			productReference = B85DB0F625AD894500D8AA28 /* TopMusicFinder.app */;
			productType = "com.apple.product-type.application";
		};
/* End PBXNativeTarget section */

/* Begin PBXProject section */
		B85DB0EE25AD894500D8AA28 /* Project object */ = {
			isa = PBXProject;
			attributes = {
				LastSwiftUpdateCheck = 1230;
				LastUpgradeCheck = 1230;
				TargetAttributes = {
					B85DB0F525AD894500D8AA28 = {
						CreatedOnToolsVersion = 12.3;
					};
				};
			};
			buildConfigurationList = B85DB0F125AD894500D8AA28 /* Build configuration list for PBXProject "TopMusicFinder" */;
			compatibilityVersion = "Xcode 9.3";
			developmentRegion = en;
			hasScannedForEncodings = 0;
			knownRegions = (
				en,
				Base,
			);
			mainGroup = B85DB0ED25AD894500D8AA28;
			productRefGroup = B85DB0F725AD894500D8AA28 /* Products */;
			projectDirPath = "";
			projectRoot = "";
			targets = (
				B85DB0F525AD894500D8AA28 /* TopMusicFinder */,
			);
		};
/* End PBXProject section */

/* Begin PBXResourcesBuildPhase section */
		B85DB0F425AD894500D8AA28 /* Resources */ = {
			isa = PBXResourcesBuildPhase;
			buildActionMask = 2147483647;
			files = (
				B83AB02225ADAE0F00A5215C /* MusicViewCell.xib in Resources */,
				B85DB10625AD894800D8AA28 /* LaunchScreen.storyboard in Resources */,
				B85DB10325AD894800D8AA28 /* Assets.xcassets in Resources */,
				B85DB10125AD894500D8AA28 /* Main.storyboard in Resources */,
			);
			runOnlyForDeploymentPostprocessing = 0;
		};
/* End PBXResourcesBuildPhase section */

/* Begin PBXSourcesBuildPhase section */
		B85DB0F225AD894500D8AA28 /* Sources */ = {
			isa = PBXSourcesBuildPhase;
			buildActionMask = 2147483647;
			files = (
				B85DB11425AD89FB00D8AA28 /* MusicWebService.swift in Sources */,
				B804815125AD9CE300EB21B8 /* MusicFeed.swift in Sources */,
				B83AB02125ADAE0F00A5215C /* MusicViewCell.swift in Sources */,
				B85DB0FA25AD894500D8AA28 /* AppDelegate.swift in Sources */,
				B83AB01D25ADA76100A5215C /* AllMusicsViewController.swift in Sources */,
				B83AB02E25AECEE700A5215C /* HomeViewController.swift in Sources */,
				B85DB0FC25AD894500D8AA28 /* SceneDelegate.swift in Sources */,
				B85DB12025AD93EC00D8AA28 /* MusicResponse.swift in Sources */,
				B85DB11925AD931400D8AA28 /* Genre.swift in Sources */,
				B85DB12425AD94D500D8AA28 /* MusicError.swift in Sources */,
				B83AB02825ADB5FC00A5215C /* MusicDetailViewController.swift in Sources */,
				B83AB02B25ADBA2900A5215C /* RoundedImageView.swift in Sources */,
				B85DB11D25AD933F00D8AA28 /* Music.swift in Sources */,
				B85DB12725AD951900D8AA28 /* Constants.swift in Sources */,
			);
			runOnlyForDeploymentPostprocessing = 0;
		};
/* End PBXSourcesBuildPhase section */

/* Begin PBXVariantGroup section */
		B85DB0FF25AD894500D8AA28 /* Main.storyboard */ = {
			isa = PBXVariantGroup;
			children = (
				B85DB10025AD894500D8AA28 /* Base */,
			);
			name = Main.storyboard;
			sourceTree = "<group>";
		};
		B85DB10425AD894800D8AA28 /* LaunchScreen.storyboard */ = {
			isa = PBXVariantGroup;
			children = (
				B85DB10525AD894800D8AA28 /* Base */,
			);
			name = LaunchScreen.storyboard;
			sourceTree = "<group>";
		};
/* End PBXVariantGroup section */

/* Begin XCBuildConfiguration section */
		B85DB10825AD894800D8AA28 /* Debug */ = {
			isa = XCBuildConfiguration;
			buildSettings = {
				ALWAYS_SEARCH_USER_PATHS = NO;
				CLANG_ANALYZER_NONNULL = YES;
				CLANG_ANALYZER_NUMBER_OBJECT_CONVERSION = YES_AGGRESSIVE;
				CLANG_CXX_LANGUAGE_STANDARD = "gnu++14";
				CLANG_CXX_LIBRARY = "libc++";
				CLANG_ENABLE_MODULES = YES;
				CLANG_ENABLE_OBJC_ARC = YES;
				CLANG_ENABLE_OBJC_WEAK = YES;
				CLANG_WARN_BLOCK_CAPTURE_AUTORELEASING = YES;
				CLANG_WARN_BOOL_CONVERSION = YES;
				CLANG_WARN_COMMA = YES;
				CLANG_WARN_CONSTANT_CONVERSION = YES;
				CLANG_WARN_DEPRECATED_OBJC_IMPLEMENTATIONS = YES;
				CLANG_WARN_DIRECT_OBJC_ISA_USAGE = YES_ERROR;
				CLANG_WARN_DOCUMENTATION_COMMENTS = YES;
				CLANG_WARN_EMPTY_BODY = YES;
				CLANG_WARN_ENUM_CONVERSION = YES;
				CLANG_WARN_INFINITE_RECURSION = YES;
				CLANG_WARN_INT_CONVERSION = YES;
				CLANG_WARN_NON_LITERAL_NULL_CONVERSION = YES;
				CLANG_WARN_OBJC_IMPLICIT_RETAIN_SELF = YES;
				CLANG_WARN_OBJC_LITERAL_CONVERSION = YES;
				CLANG_WARN_OBJC_ROOT_CLASS = YES_ERROR;
				CLANG_WARN_QUOTED_INCLUDE_IN_FRAMEWORK_HEADER = YES;
				CLANG_WARN_RANGE_LOOP_ANALYSIS = YES;
				CLANG_WARN_STRICT_PROTOTYPES = YES;
				CLANG_WARN_SUSPICIOUS_MOVE = YES;
				CLANG_WARN_UNGUARDED_AVAILABILITY = YES_AGGRESSIVE;
				CLANG_WARN_UNREACHABLE_CODE = YES;
				CLANG_WARN__DUPLICATE_METHOD_MATCH = YES;
				COPY_PHASE_STRIP = NO;
				DEBUG_INFORMATION_FORMAT = dwarf;
				ENABLE_STRICT_OBJC_MSGSEND = YES;
				ENABLE_TESTABILITY = YES;
				GCC_C_LANGUAGE_STANDARD = gnu11;
				GCC_DYNAMIC_NO_PIC = NO;
				GCC_NO_COMMON_BLOCKS = YES;
				GCC_OPTIMIZATION_LEVEL = 0;
				GCC_PREPROCESSOR_DEFINITIONS = (
					"DEBUG=1",
					"$(inherited)",
				);
				GCC_WARN_64_TO_32_BIT_CONVERSION = YES;
				GCC_WARN_ABOUT_RETURN_TYPE = YES_ERROR;
				GCC_WARN_UNDECLARED_SELECTOR = YES;
				GCC_WARN_UNINITIALIZED_AUTOS = YES_AGGRESSIVE;
				GCC_WARN_UNUSED_FUNCTION = YES;
				GCC_WARN_UNUSED_VARIABLE = YES;
				IPHONEOS_DEPLOYMENT_TARGET = 14.3;
				MTL_ENABLE_DEBUG_INFO = INCLUDE_SOURCE;
				MTL_FAST_MATH = YES;
				ONLY_ACTIVE_ARCH = YES;
				SDKROOT = iphoneos;
				SWIFT_ACTIVE_COMPILATION_CONDITIONS = DEBUG;
				SWIFT_OPTIMIZATION_LEVEL = "-Onone";
			};
			name = Debug;
		};
		B85DB10925AD894800D8AA28 /* Release */ = {
			isa = XCBuildConfiguration;
			buildSettings = {
				ALWAYS_SEARCH_USER_PATHS = NO;
				CLANG_ANALYZER_NONNULL = YES;
				CLANG_ANALYZER_NUMBER_OBJECT_CONVERSION = YES_AGGRESSIVE;
				CLANG_CXX_LANGUAGE_STANDARD = "gnu++14";
				CLANG_CXX_LIBRARY = "libc++";
				CLANG_ENABLE_MODULES = YES;
				CLANG_ENABLE_OBJC_ARC = YES;
				CLANG_ENABLE_OBJC_WEAK = YES;
				CLANG_WARN_BLOCK_CAPTURE_AUTORELEASING = YES;
				CLANG_WARN_BOOL_CONVERSION = YES;
				CLANG_WARN_COMMA = YES;
				CLANG_WARN_CONSTANT_CONVERSION = YES;
				CLANG_WARN_DEPRECATED_OBJC_IMPLEMENTATIONS = YES;
				CLANG_WARN_DIRECT_OBJC_ISA_USAGE = YES_ERROR;
				CLANG_WARN_DOCUMENTATION_COMMENTS = YES;
				CLANG_WARN_EMPTY_BODY = YES;
				CLANG_WARN_ENUM_CONVERSION = YES;
				CLANG_WARN_INFINITE_RECURSION = YES;
				CLANG_WARN_INT_CONVERSION = YES;
				CLANG_WARN_NON_LITERAL_NULL_CONVERSION = YES;
				CLANG_WARN_OBJC_IMPLICIT_RETAIN_SELF = YES;
				CLANG_WARN_OBJC_LITERAL_CONVERSION = YES;
				CLANG_WARN_OBJC_ROOT_CLASS = YES_ERROR;
				CLANG_WARN_QUOTED_INCLUDE_IN_FRAMEWORK_HEADER = YES;
				CLANG_WARN_RANGE_LOOP_ANALYSIS = YES;
				CLANG_WARN_STRICT_PROTOTYPES = YES;
				CLANG_WARN_SUSPICIOUS_MOVE = YES;
				CLANG_WARN_UNGUARDED_AVAILABILITY = YES_AGGRESSIVE;
				CLANG_WARN_UNREACHABLE_CODE = YES;
				CLANG_WARN__DUPLICATE_METHOD_MATCH = YES;
				COPY_PHASE_STRIP = NO;
				DEBUG_INFORMATION_FORMAT = "dwarf-with-dsym";
				ENABLE_NS_ASSERTIONS = NO;
				ENABLE_STRICT_OBJC_MSGSEND = YES;
				GCC_C_LANGUAGE_STANDARD = gnu11;
				GCC_NO_COMMON_BLOCKS = YES;
				GCC_WARN_64_TO_32_BIT_CONVERSION = YES;
				GCC_WARN_ABOUT_RETURN_TYPE = YES_ERROR;
				GCC_WARN_UNDECLARED_SELECTOR = YES;
				GCC_WARN_UNINITIALIZED_AUTOS = YES_AGGRESSIVE;
				GCC_WARN_UNUSED_FUNCTION = YES;
				GCC_WARN_UNUSED_VARIABLE = YES;
				IPHONEOS_DEPLOYMENT_TARGET = 14.3;
				MTL_ENABLE_DEBUG_INFO = NO;
				MTL_FAST_MATH = YES;
				SDKROOT = iphoneos;
				SWIFT_COMPILATION_MODE = wholemodule;
				SWIFT_OPTIMIZATION_LEVEL = "-O";
				VALIDATE_PRODUCT = YES;
			};
			name = Release;
		};
		B85DB10B25AD894800D8AA28 /* Debug */ = {
			isa = XCBuildConfiguration;
			buildSettings = {
				ASSETCATALOG_COMPILER_APPICON_NAME = AppIcon;
				ASSETCATALOG_COMPILER_GLOBAL_ACCENT_COLOR_NAME = AccentColor;
				CODE_SIGN_STYLE = Automatic;
				DEVELOPMENT_TEAM = 8M557HYHDX;
				INFOPLIST_FILE = TopMusicFinder/Info.plist;
				LD_RUNPATH_SEARCH_PATHS = (
					"$(inherited)",
					"@executable_path/Frameworks",
				);
				PRODUCT_BUNDLE_IDENTIFIER = ess.TopMusicFinder;
				PRODUCT_NAME = "$(TARGET_NAME)";
				SWIFT_VERSION = 5.0;
				TARGETED_DEVICE_FAMILY = "1,2";
			};
			name = Debug;
		};
		B85DB10C25AD894800D8AA28 /* Release */ = {
			isa = XCBuildConfiguration;
			buildSettings = {
				ASSETCATALOG_COMPILER_APPICON_NAME = AppIcon;
				ASSETCATALOG_COMPILER_GLOBAL_ACCENT_COLOR_NAME = AccentColor;
				CODE_SIGN_STYLE = Automatic;
				DEVELOPMENT_TEAM = 8M557HYHDX;
				INFOPLIST_FILE = TopMusicFinder/Info.plist;
				LD_RUNPATH_SEARCH_PATHS = (
					"$(inherited)",
					"@executable_path/Frameworks",
				);
				PRODUCT_BUNDLE_IDENTIFIER = ess.TopMusicFinder;
				PRODUCT_NAME = "$(TARGET_NAME)";
				SWIFT_VERSION = 5.0;
				TARGETED_DEVICE_FAMILY = "1,2";
			};
			name = Release;
		};
/* End XCBuildConfiguration section */

/* Begin XCConfigurationList section */
		B85DB0F125AD894500D8AA28 /* Build configuration list for PBXProject "TopMusicFinder" */ = {
			isa = XCConfigurationList;
			buildConfigurations = (
				B85DB10825AD894800D8AA28 /* Debug */,
				B85DB10925AD894800D8AA28 /* Release */,
			);
			defaultConfigurationIsVisible = 0;
			defaultConfigurationName = Release;
		};
		B85DB10A25AD894800D8AA28 /* Build configuration list for PBXNativeTarget "TopMusicFinder" */ = {
			isa = XCConfigurationList;
			buildConfigurations = (
				B85DB10B25AD894800D8AA28 /* Debug */,
				B85DB10C25AD894800D8AA28 /* Release */,
			);
			defaultConfigurationIsVisible = 0;
			defaultConfigurationName = Release;
		};
/* End XCConfigurationList section */
	};
	rootObject = B85DB0EE25AD894500D8AA28 /* Project object */;
}
