// !$*UTF8*$!
{
	archiveVersion = 1;
	classes = {
	};
	objectVersion = 52;
	objects = {

/* Begin PBXBuildFile section */
		B88A90FB26179C00006A9864 /* AppDelegate.swift in Sources */ = {isa = PBXBuildFile; fileRef = B88A90FA26179C00006A9864 /* AppDelegate.swift */; };
		B88A90FD26179C00006A9864 /* SceneDelegate.swift in Sources */ = {isa = PBXBuildFile; fileRef = B88A90FC26179C00006A9864 /* SceneDelegate.swift */; };
		B88A90FF26179C00006A9864 /* ViewController.swift in Sources */ = {isa = PBXBuildFile; fileRef = B88A90FE26179C00006A9864 /* ViewController.swift */; };
		B88A910226179C00006A9864 /* Main.storyboard in Resources */ = {isa = PBXBuildFile; fileRef = B88A910026179C00006A9864 /* Main.storyboard */; };
		B88A910426179C05006A9864 /* Assets.xcassets in Resources */ = {isa = PBXBuildFile; fileRef = B88A910326179C05006A9864 /* Assets.xcassets */; };
		B88A910726179C06006A9864 /* LaunchScreen.storyboard in Resources */ = {isa = PBXBuildFile; fileRef = B88A910526179C06006A9864 /* LaunchScreen.storyboard */; };
		B88A911026179C3C006A9864 /* Constants.swift in Sources */ = {isa = PBXBuildFile; fileRef = B88A910F26179C3C006A9864 /* Constants.swift */; };
		B88A911326179CE5006A9864 /* CNetworkRouter.swift in Sources */ = {isa = PBXBuildFile; fileRef = B88A911226179CE5006A9864 /* CNetworkRouter.swift */; };
		B88A911726179D98006A9864 /* Alamofire in Frameworks */ = {isa = PBXBuildFile; productRef = B88A911626179D98006A9864 /* Alamofire */; };
		B88A911A2617B700006A9864 /* CNetwork.swift in Sources */ = {isa = PBXBuildFile; fileRef = B88A91192617B700006A9864 /* CNetwork.swift */; };
/* End PBXBuildFile section */

/* Begin PBXFileReference section */
		B88A90F726179C00006A9864 /* SpaceXApp.app */ = {isa = PBXFileReference; explicitFileType = wrapper.application; includeInIndex = 0; path = SpaceXApp.app; sourceTree = BUILT_PRODUCTS_DIR; };
		B88A90FA26179C00006A9864 /* AppDelegate.swift */ = {isa = PBXFileReference; lastKnownFileType = sourcecode.swift; path = AppDelegate.swift; sourceTree = "<group>"; };
		B88A90FC26179C00006A9864 /* SceneDelegate.swift */ = {isa = PBXFileReference; lastKnownFileType = sourcecode.swift; path = SceneDelegate.swift; sourceTree = "<group>"; };
		B88A90FE26179C00006A9864 /* ViewController.swift */ = {isa = PBXFileReference; lastKnownFileType = sourcecode.swift; path = ViewController.swift; sourceTree = "<group>"; };
		B88A910126179C00006A9864 /* Base */ = {isa = PBXFileReference; lastKnownFileType = file.storyboard; name = Base; path = Base.lproj/Main.storyboard; sourceTree = "<group>"; };
		B88A910326179C05006A9864 /* Assets.xcassets */ = {isa = PBXFileReference; lastKnownFileType = folder.assetcatalog; path = Assets.xcassets; sourceTree = "<group>"; };
		B88A910626179C06006A9864 /* Base */ = {isa = PBXFileReference; lastKnownFileType = file.storyboard; name = Base; path = Base.lproj/LaunchScreen.storyboard; sourceTree = "<group>"; };
		B88A910826179C06006A9864 /* Info.plist */ = {isa = PBXFileReference; lastKnownFileType = text.plist.xml; path = Info.plist; sourceTree = "<group>"; };
		B88A910F26179C3C006A9864 /* Constants.swift */ = {isa = PBXFileReference; lastKnownFileType = sourcecode.swift; path = Constants.swift; sourceTree = "<group>"; };
		B88A911226179CE5006A9864 /* CNetworkRouter.swift */ = {isa = PBXFileReference; lastKnownFileType = sourcecode.swift; path = CNetworkRouter.swift; sourceTree = "<group>"; };
		B88A91192617B700006A9864 /* CNetwork.swift */ = {isa = PBXFileReference; lastKnownFileType = sourcecode.swift; path = CNetwork.swift; sourceTree = "<group>"; };
/* End PBXFileReference section */

/* Begin PBXFrameworksBuildPhase section */
		B88A90F426179C00006A9864 /* Frameworks */ = {
			isa = PBXFrameworksBuildPhase;
			buildActionMask = 2147483647;
			files = (
				B88A911726179D98006A9864 /* Alamofire in Frameworks */,
			);
			runOnlyForDeploymentPostprocessing = 0;
		};
/* End PBXFrameworksBuildPhase section */

/* Begin PBXGroup section */
		B8430923261CDA4000ADE6B9 /* Networking */ = {
			isa = PBXGroup;
			children = (
				B88A911226179CE5006A9864 /* CNetworkRouter.swift */,
				B88A91192617B700006A9864 /* CNetwork.swift */,
			);
			path = Networking;
			sourceTree = "<group>";
		};
		B88A90EE26179C00006A9864 = {
			isa = PBXGroup;
			children = (
				B88A90F926179C00006A9864 /* SpaceXApp */,
				B88A90F826179C00006A9864 /* Products */,
			);
			sourceTree = "<group>";
		};
		B88A90F826179C00006A9864 /* Products */ = {
			isa = PBXGroup;
			children = (
				B88A90F726179C00006A9864 /* SpaceXApp.app */,
			);
			name = Products;
			sourceTree = "<group>";
		};
		B88A90F926179C00006A9864 /* SpaceXApp */ = {
			isa = PBXGroup;
			children = (
				B8430923261CDA4000ADE6B9 /* Networking */,
				B88A90FA26179C00006A9864 /* AppDelegate.swift */,
				B88A90FC26179C00006A9864 /* SceneDelegate.swift */,
				B88A90FE26179C00006A9864 /* ViewController.swift */,
				B88A910026179C00006A9864 /* Main.storyboard */,
				B88A910326179C05006A9864 /* Assets.xcassets */,
				B88A910526179C06006A9864 /* LaunchScreen.storyboard */,
				B88A910826179C06006A9864 /* Info.plist */,
				B88A910F26179C3C006A9864 /* Constants.swift */,
			);
			path = SpaceXApp;
			sourceTree = "<group>";
		};
/* End PBXGroup section */

/* Begin PBXNativeTarget section */
		B88A90F626179C00006A9864 /* SpaceXApp */ = {
			isa = PBXNativeTarget;
			buildConfigurationList = B88A910B26179C06006A9864 /* Build configuration list for PBXNativeTarget "SpaceXApp" */;
			buildPhases = (
				B88A90F326179C00006A9864 /* Sources */,
				B88A90F426179C00006A9864 /* Frameworks */,
				B88A90F526179C00006A9864 /* Resources */,
			);
			buildRules = (
			);
			dependencies = (
			);
			name = SpaceXApp;
			packageProductDependencies = (
				B88A911626179D98006A9864 /* Alamofire */,
			);
			productName = SpaceXApp;
			productReference = B88A90F726179C00006A9864 /* SpaceXApp.app */;
			productType = "com.apple.product-type.application";
		};
/* End PBXNativeTarget section */

/* Begin PBXProject section */
		B88A90EF26179C00006A9864 /* Project object */ = {
			isa = PBXProject;
			attributes = {
				LastSwiftUpdateCheck = 1240;
				LastUpgradeCheck = 1240;
				TargetAttributes = {
					B88A90F626179C00006A9864 = {
						CreatedOnToolsVersion = 12.4;
					};
				};
			};
			buildConfigurationList = B88A90F226179C00006A9864 /* Build configuration list for PBXProject "SpaceXApp" */;
			compatibilityVersion = "Xcode 9.3";
			developmentRegion = en;
			hasScannedForEncodings = 0;
			knownRegions = (
				en,
				Base,
			);
			mainGroup = B88A90EE26179C00006A9864;
			packageReferences = (
				B88A911526179D98006A9864 /* XCRemoteSwiftPackageReference "Alamofire" */,
			);
			productRefGroup = B88A90F826179C00006A9864 /* Products */;
			projectDirPath = "";
			projectRoot = "";
			targets = (
				B88A90F626179C00006A9864 /* SpaceXApp */,
			);
		};
/* End PBXProject section */

/* Begin PBXResourcesBuildPhase section */
		B88A90F526179C00006A9864 /* Resources */ = {
			isa = PBXResourcesBuildPhase;
			buildActionMask = 2147483647;
			files = (
				B88A910726179C06006A9864 /* LaunchScreen.storyboard in Resources */,
				B88A910426179C05006A9864 /* Assets.xcassets in Resources */,
				B88A910226179C00006A9864 /* Main.storyboard in Resources */,
			);
			runOnlyForDeploymentPostprocessing = 0;
		};
/* End PBXResourcesBuildPhase section */

/* Begin PBXSourcesBuildPhase section */
		B88A90F326179C00006A9864 /* Sources */ = {
			isa = PBXSourcesBuildPhase;
			buildActionMask = 2147483647;
			files = (
				B88A90FF26179C00006A9864 /* ViewController.swift in Sources */,
				B88A90FB26179C00006A9864 /* AppDelegate.swift in Sources */,
				B88A911A2617B700006A9864 /* CNetwork.swift in Sources */,
				B88A911326179CE5006A9864 /* CNetworkRouter.swift in Sources */,
				B88A90FD26179C00006A9864 /* SceneDelegate.swift in Sources */,
				B88A911026179C3C006A9864 /* Constants.swift in Sources */,
			);
			runOnlyForDeploymentPostprocessing = 0;
		};
/* End PBXSourcesBuildPhase section */

/* Begin PBXVariantGroup section */
		B88A910026179C00006A9864 /* Main.storyboard */ = {
			isa = PBXVariantGroup;
			children = (
				B88A910126179C00006A9864 /* Base */,
			);
			name = Main.storyboard;
			sourceTree = "<group>";
		};
		B88A910526179C06006A9864 /* LaunchScreen.storyboard */ = {
			isa = PBXVariantGroup;
			children = (
				B88A910626179C06006A9864 /* Base */,
			);
			name = LaunchScreen.storyboard;
			sourceTree = "<group>";
		};
/* End PBXVariantGroup section */

/* Begin XCBuildConfiguration section */
		B88A910926179C06006A9864 /* Debug */ = {
			isa = XCBuildConfiguration;
			buildSettings = {
				ALWAYS_SEARCH_USER_PATHS = NO;
				CLANG_ANALYZER_NONNULL = YES;
				CLANG_ANALYZER_NUMBER_OBJECT_CONVERSION = YES_AGGRESSIVE;
				CLANG_CXX_LANGUAGE_STANDARD = "gnu++14";
				CLANG_CXX_LIBRARY = "libc++";
				CLANG_ENABLE_MODULES = YES;
				CLANG_ENABLE_OBJC_ARC = YES;
				CLANG_ENABLE_OBJC_WEAK = YES;
				CLANG_WARN_BLOCK_CAPTURE_AUTORELEASING = YES;
				CLANG_WARN_BOOL_CONVERSION = YES;
				CLANG_WARN_COMMA = YES;
				CLANG_WARN_CONSTANT_CONVERSION = YES;
				CLANG_WARN_DEPRECATED_OBJC_IMPLEMENTATIONS = YES;
				CLANG_WARN_DIRECT_OBJC_ISA_USAGE = YES_ERROR;
				CLANG_WARN_DOCUMENTATION_COMMENTS = YES;
				CLANG_WARN_EMPTY_BODY = YES;
				CLANG_WARN_ENUM_CONVERSION = YES;
				CLANG_WARN_INFINITE_RECURSION = YES;
				CLANG_WARN_INT_CONVERSION = YES;
				CLANG_WARN_NON_LITERAL_NULL_CONVERSION = YES;
				CLANG_WARN_OBJC_IMPLICIT_RETAIN_SELF = YES;
				CLANG_WARN_OBJC_LITERAL_CONVERSION = YES;
				CLANG_WARN_OBJC_ROOT_CLASS = YES_ERROR;
				CLANG_WARN_QUOTED_INCLUDE_IN_FRAMEWORK_HEADER = YES;
				CLANG_WARN_RANGE_LOOP_ANALYSIS = YES;
				CLANG_WARN_STRICT_PROTOTYPES = YES;
				CLANG_WARN_SUSPICIOUS_MOVE = YES;
				CLANG_WARN_UNGUARDED_AVAILABILITY = YES_AGGRESSIVE;
				CLANG_WARN_UNREACHABLE_CODE = YES;
				CLANG_WARN__DUPLICATE_METHOD_MATCH = YES;
				COPY_PHASE_STRIP = NO;
				DEBUG_INFORMATION_FORMAT = dwarf;
				ENABLE_STRICT_OBJC_MSGSEND = YES;
				ENABLE_TESTABILITY = YES;
				GCC_C_LANGUAGE_STANDARD = gnu11;
				GCC_DYNAMIC_NO_PIC = NO;
				GCC_NO_COMMON_BLOCKS = YES;
				GCC_OPTIMIZATION_LEVEL = 0;
				GCC_PREPROCESSOR_DEFINITIONS = (
					"DEBUG=1",
					"$(inherited)",
				);
				GCC_WARN_64_TO_32_BIT_CONVERSION = YES;
				GCC_WARN_ABOUT_RETURN_TYPE = YES_ERROR;
				GCC_WARN_UNDECLARED_SELECTOR = YES;
				GCC_WARN_UNINITIALIZED_AUTOS = YES_AGGRESSIVE;
				GCC_WARN_UNUSED_FUNCTION = YES;
				GCC_WARN_UNUSED_VARIABLE = YES;
				IPHONEOS_DEPLOYMENT_TARGET = 14.4;
				MTL_ENABLE_DEBUG_INFO = INCLUDE_SOURCE;
				MTL_FAST_MATH = YES;
				ONLY_ACTIVE_ARCH = YES;
				SDKROOT = iphoneos;
				SWIFT_ACTIVE_COMPILATION_CONDITIONS = DEBUG;
				SWIFT_OPTIMIZATION_LEVEL = "-Onone";
			};
			name = Debug;
		};
		B88A910A26179C06006A9864 /* Release */ = {
			isa = XCBuildConfiguration;
			buildSettings = {
				ALWAYS_SEARCH_USER_PATHS = NO;
				CLANG_ANALYZER_NONNULL = YES;
				CLANG_ANALYZER_NUMBER_OBJECT_CONVERSION = YES_AGGRESSIVE;
				CLANG_CXX_LANGUAGE_STANDARD = "gnu++14";
				CLANG_CXX_LIBRARY = "libc++";
				CLANG_ENABLE_MODULES = YES;
				CLANG_ENABLE_OBJC_ARC = YES;
				CLANG_ENABLE_OBJC_WEAK = YES;
				CLANG_WARN_BLOCK_CAPTURE_AUTORELEASING = YES;
				CLANG_WARN_BOOL_CONVERSION = YES;
				CLANG_WARN_COMMA = YES;
				CLANG_WARN_CONSTANT_CONVERSION = YES;
				CLANG_WARN_DEPRECATED_OBJC_IMPLEMENTATIONS = YES;
				CLANG_WARN_DIRECT_OBJC_ISA_USAGE = YES_ERROR;
				CLANG_WARN_DOCUMENTATION_COMMENTS = YES;
				CLANG_WARN_EMPTY_BODY = YES;
				CLANG_WARN_ENUM_CONVERSION = YES;
				CLANG_WARN_INFINITE_RECURSION = YES;
				CLANG_WARN_INT_CONVERSION = YES;
				CLANG_WARN_NON_LITERAL_NULL_CONVERSION = YES;
				CLANG_WARN_OBJC_IMPLICIT_RETAIN_SELF = YES;
				CLANG_WARN_OBJC_LITERAL_CONVERSION = YES;
				CLANG_WARN_OBJC_ROOT_CLASS = YES_ERROR;
				CLANG_WARN_QUOTED_INCLUDE_IN_FRAMEWORK_HEADER = YES;
				CLANG_WARN_RANGE_LOOP_ANALYSIS = YES;
				CLANG_WARN_STRICT_PROTOTYPES = YES;
				CLANG_WARN_SUSPICIOUS_MOVE = YES;
				CLANG_WARN_UNGUARDED_AVAILABILITY = YES_AGGRESSIVE;
				CLANG_WARN_UNREACHABLE_CODE = YES;
				CLANG_WARN__DUPLICATE_METHOD_MATCH = YES;
				COPY_PHASE_STRIP = NO;
				DEBUG_INFORMATION_FORMAT = "dwarf-with-dsym";
				ENABLE_NS_ASSERTIONS = NO;
				ENABLE_STRICT_OBJC_MSGSEND = YES;
				GCC_C_LANGUAGE_STANDARD = gnu11;
				GCC_NO_COMMON_BLOCKS = YES;
				GCC_WARN_64_TO_32_BIT_CONVERSION = YES;
				GCC_WARN_ABOUT_RETURN_TYPE = YES_ERROR;
				GCC_WARN_UNDECLARED_SELECTOR = YES;
				GCC_WARN_UNINITIALIZED_AUTOS = YES_AGGRESSIVE;
				GCC_WARN_UNUSED_FUNCTION = YES;
				GCC_WARN_UNUSED_VARIABLE = YES;
				IPHONEOS_DEPLOYMENT_TARGET = 14.4;
				MTL_ENABLE_DEBUG_INFO = NO;
				MTL_FAST_MATH = YES;
				SDKROOT = iphoneos;
				SWIFT_COMPILATION_MODE = wholemodule;
				SWIFT_OPTIMIZATION_LEVEL = "-O";
				VALIDATE_PRODUCT = YES;
			};
			name = Release;
		};
		B88A910C26179C06006A9864 /* Debug */ = {
			isa = XCBuildConfiguration;
			buildSettings = {
				ASSETCATALOG_COMPILER_APPICON_NAME = AppIcon;
				ASSETCATALOG_COMPILER_GLOBAL_ACCENT_COLOR_NAME = AccentColor;
				CODE_SIGN_STYLE = Automatic;
				DEVELOPMENT_TEAM = 8M557HYHDX;
				INFOPLIST_FILE = SpaceXApp/Info.plist;
				LD_RUNPATH_SEARCH_PATHS = (
					"$(inherited)",
					"@executable_path/Frameworks",
				);
				PRODUCT_BUNDLE_IDENTIFIER = com.ESS.SpaceXApp;
				PRODUCT_NAME = "$(TARGET_NAME)";
				SWIFT_VERSION = 5.0;
				TARGETED_DEVICE_FAMILY = "1,2";
			};
			name = Debug;
		};
		B88A910D26179C06006A9864 /* Release */ = {
			isa = XCBuildConfiguration;
			buildSettings = {
				ASSETCATALOG_COMPILER_APPICON_NAME = AppIcon;
				ASSETCATALOG_COMPILER_GLOBAL_ACCENT_COLOR_NAME = AccentColor;
				CODE_SIGN_STYLE = Automatic;
				DEVELOPMENT_TEAM = 8M557HYHDX;
				INFOPLIST_FILE = SpaceXApp/Info.plist;
				LD_RUNPATH_SEARCH_PATHS = (
					"$(inherited)",
					"@executable_path/Frameworks",
				);
				PRODUCT_BUNDLE_IDENTIFIER = com.ESS.SpaceXApp;
				PRODUCT_NAME = "$(TARGET_NAME)";
				SWIFT_VERSION = 5.0;
				TARGETED_DEVICE_FAMILY = "1,2";
			};
			name = Release;
		};
/* End XCBuildConfiguration section */

/* Begin XCConfigurationList section */
		B88A90F226179C00006A9864 /* Build configuration list for PBXProject "SpaceXApp" */ = {
			isa = XCConfigurationList;
			buildConfigurations = (
				B88A910926179C06006A9864 /* Debug */,
				B88A910A26179C06006A9864 /* Release */,
			);
			defaultConfigurationIsVisible = 0;
			defaultConfigurationName = Release;
		};
		B88A910B26179C06006A9864 /* Build configuration list for PBXNativeTarget "SpaceXApp" */ = {
			isa = XCConfigurationList;
			buildConfigurations = (
				B88A910C26179C06006A9864 /* Debug */,
				B88A910D26179C06006A9864 /* Release */,
			);
			defaultConfigurationIsVisible = 0;
			defaultConfigurationName = Release;
		};
/* End XCConfigurationList section */

/* Begin XCRemoteSwiftPackageReference section */
		B88A911526179D98006A9864 /* XCRemoteSwiftPackageReference "Alamofire" */ = {
			isa = XCRemoteSwiftPackageReference;
			repositoryURL = "https://github.com/Alamofire/Alamofire";
			requirement = {
				kind = upToNextMajorVersion;
				minimumVersion = 5.4.1;
			};
		};
/* End XCRemoteSwiftPackageReference section */

/* Begin XCSwiftPackageProductDependency section */
		B88A911626179D98006A9864 /* Alamofire */ = {
			isa = XCSwiftPackageProductDependency;
			package = B88A911526179D98006A9864 /* XCRemoteSwiftPackageReference "Alamofire" */;
			productName = Alamofire;
		};
/* End XCSwiftPackageProductDependency section */
	};
	rootObject = B88A90EF26179C00006A9864 /* Project object */;
}
