// !$*UTF8*$!
{
	archiveVersion = 1;
	classes = {
	};
	objectVersion = 50;
	objects = {

/* Begin PBXBuildFile section */
		B82AE270259DBC070049981C /* Order.swift in Sources */ = {isa = PBXBuildFile; fileRef = B82AE26F259DBC070049981C /* Order.swift */; };
		B82AE273259DC1090049981C /* OrderSource.swift in Sources */ = {isa = PBXBuildFile; fileRef = B82AE272259DC1090049981C /* OrderSource.swift */; };
		B82AE27A259DD7CA0049981C /* HeaderCell.swift in Sources */ = {isa = PBXBuildFile; fileRef = B82AE278259DD7CA0049981C /* HeaderCell.swift */; };
		B82AE27B259DD7CA0049981C /* HeaderCell.xib in Resources */ = {isa = PBXBuildFile; fileRef = B82AE279259DD7CA0049981C /* HeaderCell.xib */; };
		B82AE280259E0CFE0049981C /* Animator.swift in Sources */ = {isa = PBXBuildFile; fileRef = B82AE27F259E0CFE0049981C /* Animator.swift */; };
		B82AE28825A25D910049981C /* OrderlyTableViewController.swift in Sources */ = {isa = PBXBuildFile; fileRef = B82AE28725A25D910049981C /* OrderlyTableViewController.swift */; };
		B88E4834259DA6E600BE50DE /* OrderListViewController.swift in Sources */ = {isa = PBXBuildFile; fileRef = B88E4833259DA6E600BE50DE /* OrderListViewController.swift */; };
		B88E4838259DB15E00BE50DE /* OrderCell.swift in Sources */ = {isa = PBXBuildFile; fileRef = B88E4836259DB15D00BE50DE /* OrderCell.swift */; };
		B88E4839259DB15E00BE50DE /* OrderCell.xib in Resources */ = {isa = PBXBuildFile; fileRef = B88E4837259DB15D00BE50DE /* OrderCell.xib */; };
		B8A700DC259C74E3009D8804 /* ProductDetailViewController.swift in Sources */ = {isa = PBXBuildFile; fileRef = B8A700DB259C74E3009D8804 /* ProductDetailViewController.swift */; };
		B8A700E1259C8162009D8804 /* CustomUIView.swift in Sources */ = {isa = PBXBuildFile; fileRef = B8A700E0259C8162009D8804 /* CustomUIView.swift */; };
		B8A700E4259C8E83009D8804 /* CustomUIButton.swift in Sources */ = {isa = PBXBuildFile; fileRef = B8A700E3259C8E83009D8804 /* CustomUIButton.swift */; };
		B8A700E7259C9082009D8804 /* CustomTextFieldViewController.swift in Sources */ = {isa = PBXBuildFile; fileRef = B8A700E6259C9082009D8804 /* CustomTextFieldViewController.swift */; };
		B8A700EA259CA00C009D8804 /* CustomHorizontalCollectionViewController.swift in Sources */ = {isa = PBXBuildFile; fileRef = B8A700E9259CA00C009D8804 /* CustomHorizontalCollectionViewController.swift */; };
		B8A700ED259CA17E009D8804 /* ProductSource.swift in Sources */ = {isa = PBXBuildFile; fileRef = B8A700EC259CA17E009D8804 /* ProductSource.swift */; };
		B8A700F1259CA21A009D8804 /* StoryCell.swift in Sources */ = {isa = PBXBuildFile; fileRef = B8A700EF259CA21A009D8804 /* StoryCell.swift */; };
		B8A700F2259CA21A009D8804 /* StoryCell.xib in Resources */ = {isa = PBXBuildFile; fileRef = B8A700F0259CA21A009D8804 /* StoryCell.xib */; };
		B8A700F5259CA27D009D8804 /* CardView.swift in Sources */ = {isa = PBXBuildFile; fileRef = B8A700F4259CA27D009D8804 /* CardView.swift */; };
		B8BA0DC925A300110022E4DE /* RadioButtonView.swift in Sources */ = {isa = PBXBuildFile; fileRef = B8BA0DC825A300110022E4DE /* RadioButtonView.swift */; };
		B8BA0DCC25A31D260022E4DE /* MapViewController.swift in Sources */ = {isa = PBXBuildFile; fileRef = B8BA0DCB25A31D260022E4DE /* MapViewController.swift */; };
		B8C42D7225A3321200996BAD /* OrderType.swift in Sources */ = {isa = PBXBuildFile; fileRef = B8C42D7125A3321200996BAD /* OrderType.swift */; };
		B8D82ACB259B33EE00F13CEC /* LoadingCell.swift in Sources */ = {isa = PBXBuildFile; fileRef = B8D82AC9259B33EE00F13CEC /* LoadingCell.swift */; };
		B8D82ACC259B33EE00F13CEC /* LoadingCell.xib in Resources */ = {isa = PBXBuildFile; fileRef = B8D82ACA259B33EE00F13CEC /* LoadingCell.xib */; };
		B8D82ACF259B3F9A00F13CEC /* CustomCollectionViewController.swift in Sources */ = {isa = PBXBuildFile; fileRef = B8D82ACE259B3F9A00F13CEC /* CustomCollectionViewController.swift */; };
		B8D82AD3259B43BA00F13CEC /* ProductCell.swift in Sources */ = {isa = PBXBuildFile; fileRef = B8D82AD1259B43BA00F13CEC /* ProductCell.swift */; };
		B8D82AD4259B43BA00F13CEC /* ProductCell.xib in Resources */ = {isa = PBXBuildFile; fileRef = B8D82AD2259B43BA00F13CEC /* ProductCell.xib */; };
		B8D82AD7259B464000F13CEC /* Product.swift in Sources */ = {isa = PBXBuildFile; fileRef = B8D82AD6259B464000F13CEC /* Product.swift */; };
		B8D82ADB259B655F00F13CEC /* CityCell.swift in Sources */ = {isa = PBXBuildFile; fileRef = B8D82AD9259B655F00F13CEC /* CityCell.swift */; };
		B8D82ADC259B656000F13CEC /* CityCell.xib in Resources */ = {isa = PBXBuildFile; fileRef = B8D82ADA259B655F00F13CEC /* CityCell.xib */; };
		B8F16F512597A05000BCEB9D /* AppDelegate.swift in Sources */ = {isa = PBXBuildFile; fileRef = B8F16F502597A05000BCEB9D /* AppDelegate.swift */; };
		B8F16F532597A05000BCEB9D /* SceneDelegate.swift in Sources */ = {isa = PBXBuildFile; fileRef = B8F16F522597A05000BCEB9D /* SceneDelegate.swift */; };
		B8F16F552597A05000BCEB9D /* ViewController.swift in Sources */ = {isa = PBXBuildFile; fileRef = B8F16F542597A05000BCEB9D /* ViewController.swift */; };
		B8F16F582597A05000BCEB9D /* Main.storyboard in Resources */ = {isa = PBXBuildFile; fileRef = B8F16F562597A05000BCEB9D /* Main.storyboard */; };
		B8F16F5A2597A05200BCEB9D /* Assets.xcassets in Resources */ = {isa = PBXBuildFile; fileRef = B8F16F592597A05200BCEB9D /* Assets.xcassets */; };
		B8F16F5D2597A05200BCEB9D /* LaunchScreen.storyboard in Resources */ = {isa = PBXBuildFile; fileRef = B8F16F5B2597A05200BCEB9D /* LaunchScreen.storyboard */; };
		B8F16F672597A23400BCEB9D /* Region.swift in Sources */ = {isa = PBXBuildFile; fileRef = B8F16F662597A23400BCEB9D /* Region.swift */; };
		B8F16F6B2597A24400BCEB9D /* City.swift in Sources */ = {isa = PBXBuildFile; fileRef = B8F16F6A2597A24400BCEB9D /* City.swift */; };
		B8F16F712597A46F00BCEB9D /* HomeViewController.swift in Sources */ = {isa = PBXBuildFile; fileRef = B8F16F702597A46F00BCEB9D /* HomeViewController.swift */; };
		B8F16F742597A7B100BCEB9D /* CitySource.swift in Sources */ = {isa = PBXBuildFile; fileRef = B8F16F732597A7B100BCEB9D /* CitySource.swift */; };
		B8F16F772597AE7300BCEB9D /* SectionlyTableViewController.swift in Sources */ = {isa = PBXBuildFile; fileRef = B8F16F762597AE7300BCEB9D /* SectionlyTableViewController.swift */; };
		B8F16F7D2597B25600BCEB9D /* ImageTableViewCell.swift in Sources */ = {isa = PBXBuildFile; fileRef = B8F16F7B2597B25600BCEB9D /* ImageTableViewCell.swift */; };
		B8F16F7E2597B25600BCEB9D /* ImageTableViewCell.xib in Resources */ = {isa = PBXBuildFile; fileRef = B8F16F7C2597B25600BCEB9D /* ImageTableViewCell.xib */; };
		B8F16F822597D24E00BCEB9D /* CustomViewController.swift in Sources */ = {isa = PBXBuildFile; fileRef = B8F16F812597D24E00BCEB9D /* CustomViewController.swift */; };
		B8F16F852597D3AD00BCEB9D /* CustomizedUIViewController.swift in Sources */ = {isa = PBXBuildFile; fileRef = B8F16F842597D3AD00BCEB9D /* CustomizedUIViewController.swift */; };
		B8F16F882598A15E00BCEB9D /* BezierPathViewController.swift in Sources */ = {isa = PBXBuildFile; fileRef = B8F16F872598A15E00BCEB9D /* BezierPathViewController.swift */; };
		B8F16F8B2598A41400BCEB9D /* TriangleView.swift in Sources */ = {isa = PBXBuildFile; fileRef = B8F16F8A2598A41400BCEB9D /* TriangleView.swift */; };
		B8F16F9D259910B200BCEB9D /* CustomCircleViewController.swift in Sources */ = {isa = PBXBuildFile; fileRef = B8F16F9C259910B200BCEB9D /* CustomCircleViewController.swift */; };
		B8F16FA02599122A00BCEB9D /* CircleView.swift in Sources */ = {isa = PBXBuildFile; fileRef = B8F16F9F2599122A00BCEB9D /* CircleView.swift */; };
		B8F16FA625991B9A00BCEB9D /* CustomStackViewController.swift in Sources */ = {isa = PBXBuildFile; fileRef = B8F16FA525991B9900BCEB9D /* CustomStackViewController.swift */; };
		B8F16FA92599C51F00BCEB9D /* CustomImageViewController.swift in Sources */ = {isa = PBXBuildFile; fileRef = B8F16FA82599C51F00BCEB9D /* CustomImageViewController.swift */; };
		B8F16FAC259A1FE900BCEB9D /* CustomTableViewController.swift in Sources */ = {isa = PBXBuildFile; fileRef = B8F16FAB259A1FE900BCEB9D /* CustomTableViewController.swift */; };
/* End PBXBuildFile section */

/* Begin PBXFileReference section */
		B82AE26F259DBC070049981C /* Order.swift */ = {isa = PBXFileReference; lastKnownFileType = sourcecode.swift; path = Order.swift; sourceTree = "<group>"; };
		B82AE272259DC1090049981C /* OrderSource.swift */ = {isa = PBXFileReference; lastKnownFileType = sourcecode.swift; path = OrderSource.swift; sourceTree = "<group>"; };
		B82AE278259DD7CA0049981C /* HeaderCell.swift */ = {isa = PBXFileReference; lastKnownFileType = sourcecode.swift; path = HeaderCell.swift; sourceTree = "<group>"; };
		B82AE279259DD7CA0049981C /* HeaderCell.xib */ = {isa = PBXFileReference; lastKnownFileType = file.xib; path = HeaderCell.xib; sourceTree = "<group>"; };
		B82AE27F259E0CFE0049981C /* Animator.swift */ = {isa = PBXFileReference; lastKnownFileType = sourcecode.swift; path = Animator.swift; sourceTree = "<group>"; };
		B82AE28725A25D910049981C /* OrderlyTableViewController.swift */ = {isa = PBXFileReference; lastKnownFileType = sourcecode.swift; path = OrderlyTableViewController.swift; sourceTree = "<group>"; };
		B88E4833259DA6E600BE50DE /* OrderListViewController.swift */ = {isa = PBXFileReference; lastKnownFileType = sourcecode.swift; path = OrderListViewController.swift; sourceTree = "<group>"; };
		B88E4836259DB15D00BE50DE /* OrderCell.swift */ = {isa = PBXFileReference; lastKnownFileType = sourcecode.swift; path = OrderCell.swift; sourceTree = "<group>"; };
		B88E4837259DB15D00BE50DE /* OrderCell.xib */ = {isa = PBXFileReference; lastKnownFileType = file.xib; path = OrderCell.xib; sourceTree = "<group>"; };
		B8A700DB259C74E3009D8804 /* ProductDetailViewController.swift */ = {isa = PBXFileReference; lastKnownFileType = sourcecode.swift; path = ProductDetailViewController.swift; sourceTree = "<group>"; };
		B8A700E0259C8162009D8804 /* CustomUIView.swift */ = {isa = PBXFileReference; lastKnownFileType = sourcecode.swift; path = CustomUIView.swift; sourceTree = "<group>"; };
		B8A700E3259C8E83009D8804 /* CustomUIButton.swift */ = {isa = PBXFileReference; lastKnownFileType = sourcecode.swift; path = CustomUIButton.swift; sourceTree = "<group>"; };
		B8A700E6259C9082009D8804 /* CustomTextFieldViewController.swift */ = {isa = PBXFileReference; lastKnownFileType = sourcecode.swift; path = CustomTextFieldViewController.swift; sourceTree = "<group>"; };
		B8A700E9259CA00C009D8804 /* CustomHorizontalCollectionViewController.swift */ = {isa = PBXFileReference; lastKnownFileType = sourcecode.swift; path = CustomHorizontalCollectionViewController.swift; sourceTree = "<group>"; };
		B8A700EC259CA17E009D8804 /* ProductSource.swift */ = {isa = PBXFileReference; lastKnownFileType = sourcecode.swift; path = ProductSource.swift; sourceTree = "<group>"; };
		B8A700EF259CA21A009D8804 /* StoryCell.swift */ = {isa = PBXFileReference; lastKnownFileType = sourcecode.swift; path = StoryCell.swift; sourceTree = "<group>"; };
		B8A700F0259CA21A009D8804 /* StoryCell.xib */ = {isa = PBXFileReference; lastKnownFileType = file.xib; path = StoryCell.xib; sourceTree = "<group>"; };
		B8A700F4259CA27D009D8804 /* CardView.swift */ = {isa = PBXFileReference; lastKnownFileType = sourcecode.swift; path = CardView.swift; sourceTree = "<group>"; };
		B8BA0DC825A300110022E4DE /* RadioButtonView.swift */ = {isa = PBXFileReference; lastKnownFileType = sourcecode.swift; path = RadioButtonView.swift; sourceTree = "<group>"; };
		B8BA0DCB25A31D260022E4DE /* MapViewController.swift */ = {isa = PBXFileReference; lastKnownFileType = sourcecode.swift; path = MapViewController.swift; sourceTree = "<group>"; };
		B8C42D7125A3321200996BAD /* OrderType.swift */ = {isa = PBXFileReference; lastKnownFileType = sourcecode.swift; path = OrderType.swift; sourceTree = "<group>"; };
		B8D82AC9259B33EE00F13CEC /* LoadingCell.swift */ = {isa = PBXFileReference; lastKnownFileType = sourcecode.swift; path = LoadingCell.swift; sourceTree = "<group>"; };
		B8D82ACA259B33EE00F13CEC /* LoadingCell.xib */ = {isa = PBXFileReference; lastKnownFileType = file.xib; path = LoadingCell.xib; sourceTree = "<group>"; };
		B8D82ACE259B3F9A00F13CEC /* CustomCollectionViewController.swift */ = {isa = PBXFileReference; lastKnownFileType = sourcecode.swift; path = CustomCollectionViewController.swift; sourceTree = "<group>"; };
		B8D82AD1259B43BA00F13CEC /* ProductCell.swift */ = {isa = PBXFileReference; lastKnownFileType = sourcecode.swift; path = ProductCell.swift; sourceTree = "<group>"; };
		B8D82AD2259B43BA00F13CEC /* ProductCell.xib */ = {isa = PBXFileReference; lastKnownFileType = file.xib; path = ProductCell.xib; sourceTree = "<group>"; };
		B8D82AD6259B464000F13CEC /* Product.swift */ = {isa = PBXFileReference; lastKnownFileType = sourcecode.swift; path = Product.swift; sourceTree = "<group>"; };
		B8D82AD9259B655F00F13CEC /* CityCell.swift */ = {isa = PBXFileReference; lastKnownFileType = sourcecode.swift; path = CityCell.swift; sourceTree = "<group>"; };
		B8D82ADA259B655F00F13CEC /* CityCell.xib */ = {isa = PBXFileReference; lastKnownFileType = file.xib; path = CityCell.xib; sourceTree = "<group>"; };
		B8F16F4D2597A05000BCEB9D /* Countries.app */ = {isa = PBXFileReference; explicitFileType = wrapper.application; includeInIndex = 0; path = Countries.app; sourceTree = BUILT_PRODUCTS_DIR; };
		B8F16F502597A05000BCEB9D /* AppDelegate.swift */ = {isa = PBXFileReference; lastKnownFileType = sourcecode.swift; path = AppDelegate.swift; sourceTree = "<group>"; };
		B8F16F522597A05000BCEB9D /* SceneDelegate.swift */ = {isa = PBXFileReference; lastKnownFileType = sourcecode.swift; path = SceneDelegate.swift; sourceTree = "<group>"; };
		B8F16F542597A05000BCEB9D /* ViewController.swift */ = {isa = PBXFileReference; lastKnownFileType = sourcecode.swift; path = ViewController.swift; sourceTree = "<group>"; };
		B8F16F572597A05000BCEB9D /* Base */ = {isa = PBXFileReference; lastKnownFileType = file.storyboard; name = Base; path = Base.lproj/Main.storyboard; sourceTree = "<group>"; };
		B8F16F592597A05200BCEB9D /* Assets.xcassets */ = {isa = PBXFileReference; lastKnownFileType = folder.assetcatalog; path = Assets.xcassets; sourceTree = "<group>"; };
		B8F16F5C2597A05200BCEB9D /* Base */ = {isa = PBXFileReference; lastKnownFileType = file.storyboard; name = Base; path = Base.lproj/LaunchScreen.storyboard; sourceTree = "<group>"; };
		B8F16F5E2597A05200BCEB9D /* Info.plist */ = {isa = PBXFileReference; lastKnownFileType = text.plist.xml; path = Info.plist; sourceTree = "<group>"; };
		B8F16F662597A23400BCEB9D /* Region.swift */ = {isa = PBXFileReference; lastKnownFileType = sourcecode.swift; path = Region.swift; sourceTree = "<group>"; };
		B8F16F6A2597A24400BCEB9D /* City.swift */ = {isa = PBXFileReference; lastKnownFileType = sourcecode.swift; path = City.swift; sourceTree = "<group>"; };
		B8F16F702597A46F00BCEB9D /* HomeViewController.swift */ = {isa = PBXFileReference; lastKnownFileType = sourcecode.swift; path = HomeViewController.swift; sourceTree = "<group>"; };
		B8F16F732597A7B100BCEB9D /* CitySource.swift */ = {isa = PBXFileReference; lastKnownFileType = sourcecode.swift; path = CitySource.swift; sourceTree = "<group>"; };
		B8F16F762597AE7300BCEB9D /* SectionlyTableViewController.swift */ = {isa = PBXFileReference; lastKnownFileType = sourcecode.swift; path = SectionlyTableViewController.swift; sourceTree = "<group>"; };
		B8F16F7B2597B25600BCEB9D /* ImageTableViewCell.swift */ = {isa = PBXFileReference; lastKnownFileType = sourcecode.swift; path = ImageTableViewCell.swift; sourceTree = "<group>"; };
		B8F16F7C2597B25600BCEB9D /* ImageTableViewCell.xib */ = {isa = PBXFileReference; lastKnownFileType = file.xib; path = ImageTableViewCell.xib; sourceTree = "<group>"; };
		B8F16F812597D24E00BCEB9D /* CustomViewController.swift */ = {isa = PBXFileReference; lastKnownFileType = sourcecode.swift; path = CustomViewController.swift; sourceTree = "<group>"; };
		B8F16F842597D3AD00BCEB9D /* CustomizedUIViewController.swift */ = {isa = PBXFileReference; lastKnownFileType = sourcecode.swift; path = CustomizedUIViewController.swift; sourceTree = "<group>"; };
		B8F16F872598A15E00BCEB9D /* BezierPathViewController.swift */ = {isa = PBXFileReference; lastKnownFileType = sourcecode.swift; path = BezierPathViewController.swift; sourceTree = "<group>"; };
		B8F16F8A2598A41400BCEB9D /* TriangleView.swift */ = {isa = PBXFileReference; lastKnownFileType = sourcecode.swift; path = TriangleView.swift; sourceTree = "<group>"; };
		B8F16F9C259910B200BCEB9D /* CustomCircleViewController.swift */ = {isa = PBXFileReference; lastKnownFileType = sourcecode.swift; path = CustomCircleViewController.swift; sourceTree = "<group>"; };
		B8F16F9F2599122A00BCEB9D /* CircleView.swift */ = {isa = PBXFileReference; lastKnownFileType = sourcecode.swift; path = CircleView.swift; sourceTree = "<group>"; };
		B8F16FA525991B9900BCEB9D /* CustomStackViewController.swift */ = {isa = PBXFileReference; lastKnownFileType = sourcecode.swift; path = CustomStackViewController.swift; sourceTree = "<group>"; };
		B8F16FA82599C51F00BCEB9D /* CustomImageViewController.swift */ = {isa = PBXFileReference; lastKnownFileType = sourcecode.swift; path = CustomImageViewController.swift; sourceTree = "<group>"; };
		B8F16FAB259A1FE900BCEB9D /* CustomTableViewController.swift */ = {isa = PBXFileReference; lastKnownFileType = sourcecode.swift; path = CustomTableViewController.swift; sourceTree = "<group>"; };
/* End PBXFileReference section */

/* Begin PBXFrameworksBuildPhase section */
		B8F16F4A2597A05000BCEB9D /* Frameworks */ = {
			isa = PBXFrameworksBuildPhase;
			buildActionMask = 2147483647;
			files = (
			);
			runOnlyForDeploymentPostprocessing = 0;
		};
/* End PBXFrameworksBuildPhase section */

/* Begin PBXGroup section */
		B82AE27E259E0CEA0049981C /* Animations */ = {
			isa = PBXGroup;
			children = (
				B82AE27F259E0CFE0049981C /* Animator.swift */,
			);
			path = Animations;
			sourceTree = "<group>";
		};
		B8A700DF259C8136009D8804 /* Custom Views */ = {
			isa = PBXGroup;
			children = (
				B8A700E0259C8162009D8804 /* CustomUIView.swift */,
				B8A700E3259C8E83009D8804 /* CustomUIButton.swift */,
				B8A700F4259CA27D009D8804 /* CardView.swift */,
				B8BA0DC825A300110022E4DE /* RadioButtonView.swift */,
			);
			path = "Custom Views";
			sourceTree = "<group>";
		};
		B8C42D7025A331FE00996BAD /* Enums */ = {
			isa = PBXGroup;
			children = (
				B8C42D7125A3321200996BAD /* OrderType.swift */,
			);
			path = Enums;
			sourceTree = "<group>";
		};
		B8F16F442597A05000BCEB9D = {
			isa = PBXGroup;
			children = (
				B8F16F4F2597A05000BCEB9D /* Countries */,
				B8F16F4E2597A05000BCEB9D /* Products */,
			);
			sourceTree = "<group>";
		};
		B8F16F4E2597A05000BCEB9D /* Products */ = {
			isa = PBXGroup;
			children = (
				B8F16F4D2597A05000BCEB9D /* Countries.app */,
			);
			name = Products;
			sourceTree = "<group>";
		};
		B8F16F4F2597A05000BCEB9D /* Countries */ = {
			isa = PBXGroup;
			children = (
				B8C42D7025A331FE00996BAD /* Enums */,
				B82AE27E259E0CEA0049981C /* Animations */,
				B8A700DF259C8136009D8804 /* Custom Views */,
				B8F16F7A2597B23800BCEB9D /* Cells */,
				B8F16F6E2597A38B00BCEB9D /* Controllers */,
				B8F16F6D2597A38400BCEB9D /* View */,
				B8F16F652597A22600BCEB9D /* Models */,
				B8F16F502597A05000BCEB9D /* AppDelegate.swift */,
				B8F16F522597A05000BCEB9D /* SceneDelegate.swift */,
				B8F16F592597A05200BCEB9D /* Assets.xcassets */,
				B8F16F5B2597A05200BCEB9D /* LaunchScreen.storyboard */,
				B8F16F5E2597A05200BCEB9D /* Info.plist */,
			);
			path = Countries;
			sourceTree = "<group>";
		};
		B8F16F652597A22600BCEB9D /* Models */ = {
			isa = PBXGroup;
			children = (
				B8F16F662597A23400BCEB9D /* Region.swift */,
				B8F16F6A2597A24400BCEB9D /* City.swift */,
				B8F16F732597A7B100BCEB9D /* CitySource.swift */,
				B8D82AD6259B464000F13CEC /* Product.swift */,
				B8A700EC259CA17E009D8804 /* ProductSource.swift */,
				B82AE26F259DBC070049981C /* Order.swift */,
				B82AE272259DC1090049981C /* OrderSource.swift */,
			);
			path = Models;
			sourceTree = "<group>";
		};
		B8F16F6D2597A38400BCEB9D /* View */ = {
			isa = PBXGroup;
			children = (
				B8F16F562597A05000BCEB9D /* Main.storyboard */,
				B8F16F8A2598A41400BCEB9D /* TriangleView.swift */,
				B8F16F9F2599122A00BCEB9D /* CircleView.swift */,
			);
			path = View;
			sourceTree = "<group>";
		};
		B8F16F6E2597A38B00BCEB9D /* Controllers */ = {
			isa = PBXGroup;
			children = (
				B8F16F542597A05000BCEB9D /* ViewController.swift */,
				B8F16F702597A46F00BCEB9D /* HomeViewController.swift */,
				B8F16F762597AE7300BCEB9D /* SectionlyTableViewController.swift */,
				B8F16F812597D24E00BCEB9D /* CustomViewController.swift */,
				B8F16F842597D3AD00BCEB9D /* CustomizedUIViewController.swift */,
				B8F16F872598A15E00BCEB9D /* BezierPathViewController.swift */,
				B8F16F9C259910B200BCEB9D /* CustomCircleViewController.swift */,
				B8F16FA525991B9900BCEB9D /* CustomStackViewController.swift */,
				B8F16FA82599C51F00BCEB9D /* CustomImageViewController.swift */,
				B8F16FAB259A1FE900BCEB9D /* CustomTableViewController.swift */,
				B8D82ACE259B3F9A00F13CEC /* CustomCollectionViewController.swift */,
				B8A700DB259C74E3009D8804 /* ProductDetailViewController.swift */,
				B8A700E6259C9082009D8804 /* CustomTextFieldViewController.swift */,
				B8A700E9259CA00C009D8804 /* CustomHorizontalCollectionViewController.swift */,
				B88E4833259DA6E600BE50DE /* OrderListViewController.swift */,
				B82AE28725A25D910049981C /* OrderlyTableViewController.swift */,
				B8BA0DCB25A31D260022E4DE /* MapViewController.swift */,
			);
			path = Controllers;
			sourceTree = "<group>";
		};
		B8F16F7A2597B23800BCEB9D /* Cells */ = {
			isa = PBXGroup;
			children = (
				B8F16F7B2597B25600BCEB9D /* ImageTableViewCell.swift */,
				B8F16F7C2597B25600BCEB9D /* ImageTableViewCell.xib */,
				B8D82AC9259B33EE00F13CEC /* LoadingCell.swift */,
				B8D82ACA259B33EE00F13CEC /* LoadingCell.xib */,
				B8D82AD1259B43BA00F13CEC /* ProductCell.swift */,
				B8D82AD2259B43BA00F13CEC /* ProductCell.xib */,
				B8D82AD9259B655F00F13CEC /* CityCell.swift */,
				B8D82ADA259B655F00F13CEC /* CityCell.xib */,
				B8A700EF259CA21A009D8804 /* StoryCell.swift */,
				B8A700F0259CA21A009D8804 /* StoryCell.xib */,
				B88E4836259DB15D00BE50DE /* OrderCell.swift */,
				B88E4837259DB15D00BE50DE /* OrderCell.xib */,
				B82AE278259DD7CA0049981C /* HeaderCell.swift */,
				B82AE279259DD7CA0049981C /* HeaderCell.xib */,
			);
			path = Cells;
			sourceTree = "<group>";
		};
/* End PBXGroup section */

/* Begin PBXNativeTarget section */
		B8F16F4C2597A05000BCEB9D /* Countries */ = {
			isa = PBXNativeTarget;
			buildConfigurationList = B8F16F612597A05200BCEB9D /* Build configuration list for PBXNativeTarget "Countries" */;
			buildPhases = (
				B8F16F492597A05000BCEB9D /* Sources */,
				B8F16F4A2597A05000BCEB9D /* Frameworks */,
				B8F16F4B2597A05000BCEB9D /* Resources */,
			);
			buildRules = (
			);
			dependencies = (
			);
			name = Countries;
			productName = Countries;
			productReference = B8F16F4D2597A05000BCEB9D /* Countries.app */;
			productType = "com.apple.product-type.application";
		};
/* End PBXNativeTarget section */

/* Begin PBXProject section */
		B8F16F452597A05000BCEB9D /* Project object */ = {
			isa = PBXProject;
			attributes = {
				LastSwiftUpdateCheck = 1230;
				LastUpgradeCheck = 1230;
				TargetAttributes = {
					B8F16F4C2597A05000BCEB9D = {
						CreatedOnToolsVersion = 12.3;
					};
				};
			};
			buildConfigurationList = B8F16F482597A05000BCEB9D /* Build configuration list for PBXProject "Countries" */;
			compatibilityVersion = "Xcode 9.3";
			developmentRegion = en;
			hasScannedForEncodings = 0;
			knownRegions = (
				en,
				Base,
			);
			mainGroup = B8F16F442597A05000BCEB9D;
			productRefGroup = B8F16F4E2597A05000BCEB9D /* Products */;
			projectDirPath = "";
			projectRoot = "";
			targets = (
				B8F16F4C2597A05000BCEB9D /* Countries */,
			);
		};
/* End PBXProject section */

/* Begin PBXResourcesBuildPhase section */
		B8F16F4B2597A05000BCEB9D /* Resources */ = {
			isa = PBXResourcesBuildPhase;
			buildActionMask = 2147483647;
			files = (
				B82AE27B259DD7CA0049981C /* HeaderCell.xib in Resources */,
				B8F16F5D2597A05200BCEB9D /* LaunchScreen.storyboard in Resources */,
				B8D82ADC259B656000F13CEC /* CityCell.xib in Resources */,
				B8F16F7E2597B25600BCEB9D /* ImageTableViewCell.xib in Resources */,
				B8F16F5A2597A05200BCEB9D /* Assets.xcassets in Resources */,
				B8D82AD4259B43BA00F13CEC /* ProductCell.xib in Resources */,
				B8D82ACC259B33EE00F13CEC /* LoadingCell.xib in Resources */,
				B8F16F582597A05000BCEB9D /* Main.storyboard in Resources */,
				B8A700F2259CA21A009D8804 /* StoryCell.xib in Resources */,
				B88E4839259DB15E00BE50DE /* OrderCell.xib in Resources */,
			);
			runOnlyForDeploymentPostprocessing = 0;
		};
/* End PBXResourcesBuildPhase section */

/* Begin PBXSourcesBuildPhase section */
		B8F16F492597A05000BCEB9D /* Sources */ = {
			isa = PBXSourcesBuildPhase;
			buildActionMask = 2147483647;
			files = (
				B8F16F552597A05000BCEB9D /* ViewController.swift in Sources */,
				B88E4838259DB15E00BE50DE /* OrderCell.swift in Sources */,
				B8F16F742597A7B100BCEB9D /* CitySource.swift in Sources */,
				B8BA0DC925A300110022E4DE /* RadioButtonView.swift in Sources */,
				B8F16F8B2598A41400BCEB9D /* TriangleView.swift in Sources */,
				B8F16FA92599C51F00BCEB9D /* CustomImageViewController.swift in Sources */,
				B8F16F882598A15E00BCEB9D /* BezierPathViewController.swift in Sources */,
				B8A700DC259C74E3009D8804 /* ProductDetailViewController.swift in Sources */,
				B8D82AD7259B464000F13CEC /* Product.swift in Sources */,
				B8F16F6B2597A24400BCEB9D /* City.swift in Sources */,
				B8F16F7D2597B25600BCEB9D /* ImageTableViewCell.swift in Sources */,
				B8A700F5259CA27D009D8804 /* CardView.swift in Sources */,
				B8D82ADB259B655F00F13CEC /* CityCell.swift in Sources */,
				B8F16FA02599122A00BCEB9D /* CircleView.swift in Sources */,
				B82AE273259DC1090049981C /* OrderSource.swift in Sources */,
				B8F16F852597D3AD00BCEB9D /* CustomizedUIViewController.swift in Sources */,
				B8F16F512597A05000BCEB9D /* AppDelegate.swift in Sources */,
				B8F16F532597A05000BCEB9D /* SceneDelegate.swift in Sources */,
				B88E4834259DA6E600BE50DE /* OrderListViewController.swift in Sources */,
				B8F16FA625991B9A00BCEB9D /* CustomStackViewController.swift in Sources */,
				B8D82AD3259B43BA00F13CEC /* ProductCell.swift in Sources */,
				B8A700E1259C8162009D8804 /* CustomUIView.swift in Sources */,
				B8F16F672597A23400BCEB9D /* Region.swift in Sources */,
				B8BA0DCC25A31D260022E4DE /* MapViewController.swift in Sources */,
				B82AE28825A25D910049981C /* OrderlyTableViewController.swift in Sources */,
				B8A700E4259C8E83009D8804 /* CustomUIButton.swift in Sources */,
				B8A700ED259CA17E009D8804 /* ProductSource.swift in Sources */,
				B8F16F822597D24E00BCEB9D /* CustomViewController.swift in Sources */,
				B8F16F772597AE7300BCEB9D /* SectionlyTableViewController.swift in Sources */,
				B8F16F9D259910B200BCEB9D /* CustomCircleViewController.swift in Sources */,
				B8F16FAC259A1FE900BCEB9D /* CustomTableViewController.swift in Sources */,
				B8C42D7225A3321200996BAD /* OrderType.swift in Sources */,
				B82AE27A259DD7CA0049981C /* HeaderCell.swift in Sources */,
				B82AE270259DBC070049981C /* Order.swift in Sources */,
				B8A700E7259C9082009D8804 /* CustomTextFieldViewController.swift in Sources */,
				B8D82ACF259B3F9A00F13CEC /* CustomCollectionViewController.swift in Sources */,
				B82AE280259E0CFE0049981C /* Animator.swift in Sources */,
				B8A700EA259CA00C009D8804 /* CustomHorizontalCollectionViewController.swift in Sources */,
				B8F16F712597A46F00BCEB9D /* HomeViewController.swift in Sources */,
				B8D82ACB259B33EE00F13CEC /* LoadingCell.swift in Sources */,
				B8A700F1259CA21A009D8804 /* StoryCell.swift in Sources */,
			);
			runOnlyForDeploymentPostprocessing = 0;
		};
/* End PBXSourcesBuildPhase section */

/* Begin PBXVariantGroup section */
		B8F16F562597A05000BCEB9D /* Main.storyboard */ = {
			isa = PBXVariantGroup;
			children = (
				B8F16F572597A05000BCEB9D /* Base */,
			);
			name = Main.storyboard;
			sourceTree = "<group>";
		};
		B8F16F5B2597A05200BCEB9D /* LaunchScreen.storyboard */ = {
			isa = PBXVariantGroup;
			children = (
				B8F16F5C2597A05200BCEB9D /* Base */,
			);
			name = LaunchScreen.storyboard;
			sourceTree = "<group>";
		};
/* End PBXVariantGroup section */

/* Begin XCBuildConfiguration section */
		B8F16F5F2597A05200BCEB9D /* Debug */ = {
			isa = XCBuildConfiguration;
			buildSettings = {
				ALWAYS_SEARCH_USER_PATHS = NO;
				CLANG_ANALYZER_NONNULL = YES;
				CLANG_ANALYZER_NUMBER_OBJECT_CONVERSION = YES_AGGRESSIVE;
				CLANG_CXX_LANGUAGE_STANDARD = "gnu++14";
				CLANG_CXX_LIBRARY = "libc++";
				CLANG_ENABLE_MODULES = YES;
				CLANG_ENABLE_OBJC_ARC = YES;
				CLANG_ENABLE_OBJC_WEAK = YES;
				CLANG_WARN_BLOCK_CAPTURE_AUTORELEASING = YES;
				CLANG_WARN_BOOL_CONVERSION = YES;
				CLANG_WARN_COMMA = YES;
				CLANG_WARN_CONSTANT_CONVERSION = YES;
				CLANG_WARN_DEPRECATED_OBJC_IMPLEMENTATIONS = YES;
				CLANG_WARN_DIRECT_OBJC_ISA_USAGE = YES_ERROR;
				CLANG_WARN_DOCUMENTATION_COMMENTS = YES;
				CLANG_WARN_EMPTY_BODY = YES;
				CLANG_WARN_ENUM_CONVERSION = YES;
				CLANG_WARN_INFINITE_RECURSION = YES;
				CLANG_WARN_INT_CONVERSION = YES;
				CLANG_WARN_NON_LITERAL_NULL_CONVERSION = YES;
				CLANG_WARN_OBJC_IMPLICIT_RETAIN_SELF = YES;
				CLANG_WARN_OBJC_LITERAL_CONVERSION = YES;
				CLANG_WARN_OBJC_ROOT_CLASS = YES_ERROR;
				CLANG_WARN_QUOTED_INCLUDE_IN_FRAMEWORK_HEADER = YES;
				CLANG_WARN_RANGE_LOOP_ANALYSIS = YES;
				CLANG_WARN_STRICT_PROTOTYPES = YES;
				CLANG_WARN_SUSPICIOUS_MOVE = YES;
				CLANG_WARN_UNGUARDED_AVAILABILITY = YES_AGGRESSIVE;
				CLANG_WARN_UNREACHABLE_CODE = YES;
				CLANG_WARN__DUPLICATE_METHOD_MATCH = YES;
				COPY_PHASE_STRIP = NO;
				DEBUG_INFORMATION_FORMAT = dwarf;
				ENABLE_STRICT_OBJC_MSGSEND = YES;
				ENABLE_TESTABILITY = YES;
				GCC_C_LANGUAGE_STANDARD = gnu11;
				GCC_DYNAMIC_NO_PIC = NO;
				GCC_NO_COMMON_BLOCKS = YES;
				GCC_OPTIMIZATION_LEVEL = 0;
				GCC_PREPROCESSOR_DEFINITIONS = (
					"DEBUG=1",
					"$(inherited)",
				);
				GCC_WARN_64_TO_32_BIT_CONVERSION = YES;
				GCC_WARN_ABOUT_RETURN_TYPE = YES_ERROR;
				GCC_WARN_UNDECLARED_SELECTOR = YES;
				GCC_WARN_UNINITIALIZED_AUTOS = YES_AGGRESSIVE;
				GCC_WARN_UNUSED_FUNCTION = YES;
				GCC_WARN_UNUSED_VARIABLE = YES;
				IPHONEOS_DEPLOYMENT_TARGET = 14.3;
				MTL_ENABLE_DEBUG_INFO = INCLUDE_SOURCE;
				MTL_FAST_MATH = YES;
				ONLY_ACTIVE_ARCH = YES;
				SDKROOT = iphoneos;
				SWIFT_ACTIVE_COMPILATION_CONDITIONS = DEBUG;
				SWIFT_OPTIMIZATION_LEVEL = "-Onone";
			};
			name = Debug;
		};
		B8F16F602597A05200BCEB9D /* Release */ = {
			isa = XCBuildConfiguration;
			buildSettings = {
				ALWAYS_SEARCH_USER_PATHS = NO;
				CLANG_ANALYZER_NONNULL = YES;
				CLANG_ANALYZER_NUMBER_OBJECT_CONVERSION = YES_AGGRESSIVE;
				CLANG_CXX_LANGUAGE_STANDARD = "gnu++14";
				CLANG_CXX_LIBRARY = "libc++";
				CLANG_ENABLE_MODULES = YES;
				CLANG_ENABLE_OBJC_ARC = YES;
				CLANG_ENABLE_OBJC_WEAK = YES;
				CLANG_WARN_BLOCK_CAPTURE_AUTORELEASING = YES;
				CLANG_WARN_BOOL_CONVERSION = YES;
				CLANG_WARN_COMMA = YES;
				CLANG_WARN_CONSTANT_CONVERSION = YES;
				CLANG_WARN_DEPRECATED_OBJC_IMPLEMENTATIONS = YES;
				CLANG_WARN_DIRECT_OBJC_ISA_USAGE = YES_ERROR;
				CLANG_WARN_DOCUMENTATION_COMMENTS = YES;
				CLANG_WARN_EMPTY_BODY = YES;
				CLANG_WARN_ENUM_CONVERSION = YES;
				CLANG_WARN_INFINITE_RECURSION = YES;
				CLANG_WARN_INT_CONVERSION = YES;
				CLANG_WARN_NON_LITERAL_NULL_CONVERSION = YES;
				CLANG_WARN_OBJC_IMPLICIT_RETAIN_SELF = YES;
				CLANG_WARN_OBJC_LITERAL_CONVERSION = YES;
				CLANG_WARN_OBJC_ROOT_CLASS = YES_ERROR;
				CLANG_WARN_QUOTED_INCLUDE_IN_FRAMEWORK_HEADER = YES;
				CLANG_WARN_RANGE_LOOP_ANALYSIS = YES;
				CLANG_WARN_STRICT_PROTOTYPES = YES;
				CLANG_WARN_SUSPICIOUS_MOVE = YES;
				CLANG_WARN_UNGUARDED_AVAILABILITY = YES_AGGRESSIVE;
				CLANG_WARN_UNREACHABLE_CODE = YES;
				CLANG_WARN__DUPLICATE_METHOD_MATCH = YES;
				COPY_PHASE_STRIP = NO;
				DEBUG_INFORMATION_FORMAT = "dwarf-with-dsym";
				ENABLE_NS_ASSERTIONS = NO;
				ENABLE_STRICT_OBJC_MSGSEND = YES;
				GCC_C_LANGUAGE_STANDARD = gnu11;
				GCC_NO_COMMON_BLOCKS = YES;
				GCC_WARN_64_TO_32_BIT_CONVERSION = YES;
				GCC_WARN_ABOUT_RETURN_TYPE = YES_ERROR;
				GCC_WARN_UNDECLARED_SELECTOR = YES;
				GCC_WARN_UNINITIALIZED_AUTOS = YES_AGGRESSIVE;
				GCC_WARN_UNUSED_FUNCTION = YES;
				GCC_WARN_UNUSED_VARIABLE = YES;
				IPHONEOS_DEPLOYMENT_TARGET = 14.3;
				MTL_ENABLE_DEBUG_INFO = NO;
				MTL_FAST_MATH = YES;
				SDKROOT = iphoneos;
				SWIFT_COMPILATION_MODE = wholemodule;
				SWIFT_OPTIMIZATION_LEVEL = "-O";
				VALIDATE_PRODUCT = YES;
			};
			name = Release;
		};
		B8F16F622597A05200BCEB9D /* Debug */ = {
			isa = XCBuildConfiguration;
			buildSettings = {
				ASSETCATALOG_COMPILER_APPICON_NAME = AppIcon;
				ASSETCATALOG_COMPILER_GLOBAL_ACCENT_COLOR_NAME = AccentColor;
				CODE_SIGN_STYLE = Automatic;
				DEVELOPMENT_TEAM = 8M557HYHDX;
				INFOPLIST_FILE = Countries/Info.plist;
				LD_RUNPATH_SEARCH_PATHS = (
					"$(inherited)",
					"@executable_path/Frameworks",
				);
				PRODUCT_BUNDLE_IDENTIFIER = ess.Countries;
				PRODUCT_NAME = "$(TARGET_NAME)";
				SWIFT_VERSION = 5.0;
				TARGETED_DEVICE_FAMILY = "1,2";
			};
			name = Debug;
		};
		B8F16F632597A05200BCEB9D /* Release */ = {
			isa = XCBuildConfiguration;
			buildSettings = {
				ASSETCATALOG_COMPILER_APPICON_NAME = AppIcon;
				ASSETCATALOG_COMPILER_GLOBAL_ACCENT_COLOR_NAME = AccentColor;
				CODE_SIGN_STYLE = Automatic;
				DEVELOPMENT_TEAM = 8M557HYHDX;
				INFOPLIST_FILE = Countries/Info.plist;
				LD_RUNPATH_SEARCH_PATHS = (
					"$(inherited)",
					"@executable_path/Frameworks",
				);
				PRODUCT_BUNDLE_IDENTIFIER = ess.Countries;
				PRODUCT_NAME = "$(TARGET_NAME)";
				SWIFT_VERSION = 5.0;
				TARGETED_DEVICE_FAMILY = "1,2";
			};
			name = Release;
		};
/* End XCBuildConfiguration section */

/* Begin XCConfigurationList section */
		B8F16F482597A05000BCEB9D /* Build configuration list for PBXProject "Countries" */ = {
			isa = XCConfigurationList;
			buildConfigurations = (
				B8F16F5F2597A05200BCEB9D /* Debug */,
				B8F16F602597A05200BCEB9D /* Release */,
			);
			defaultConfigurationIsVisible = 0;
			defaultConfigurationName = Release;
		};
		B8F16F612597A05200BCEB9D /* Build configuration list for PBXNativeTarget "Countries" */ = {
			isa = XCConfigurationList;
			buildConfigurations = (
				B8F16F622597A05200BCEB9D /* Debug */,
				B8F16F632597A05200BCEB9D /* Release */,
			);
			defaultConfigurationIsVisible = 0;
			defaultConfigurationName = Release;
		};
/* End XCConfigurationList section */
	};
	rootObject = B8F16F452597A05000BCEB9D /* Project object */;
}
